{
    "name": "crudperumdautama",
    "version": "19.13.1",
    "lockfileVersion": 3,
    "requires": true,
    "packages": {
        "": {
            "name": "crudperumdautama",
            "version": "19.13.1",
            "license": "SEE LICENSE IN LICENSE.md",
            "engines": {
                "node": ">=16"
            }
        }
    }
}
